
Microsoft Visual Studio Solution File, Format Version 12.00
# Visual Studio Version 17
VisualStudioVersion = 17.0.31903.59
MinimumVisualStudioVersion = 10.0.40219.1
Project("{FAE04EC0-301F-11D3-BF4B-00C04F79EFBC}") = "SD_Ajans.Web", "SD_Ajans.Web\SD_Ajans.Web.csproj", "{3AA5E4C9-5811-4045-81EF-C6D72F5369AA}"
EndProject
Project("{FAE04EC0-301F-11D3-BF4B-00C04F79EFBC}") = "SD_Ajans.Core", "SD_Ajans.Core\SD_Ajans.Core.csproj", "{8AE03A99-F6EA-41F2-B130-03218D055B55}"
EndProject
Project("{FAE04EC0-301F-11D3-BF4B-00C04F79EFBC}") = "SD_Ajans.Data", "SD_Ajans.Data\SD_Ajans.Data.csproj", "{9D15320F-F5F4-446E-A3E9-B0F8A526FBDC}"
EndProject
Project("{FAE04EC0-301F-11D3-BF4B-00C04F79EFBC}") = "SD_Ajans.Business", "SD_Ajans.Business\SD_Ajans.Business.csproj", "{AD8417F7-B512-4CE1-BFC2-E51A1646D393}"
EndProject
Global
	GlobalSection(SolutionConfigurationPlatforms) = preSolution
		Debug|Any CPU = Debug|Any CPU
		Debug|x64 = Debug|x64
		Debug|x86 = Debug|x86
		Release|Any CPU = Release|Any CPU
		Release|x64 = Release|x64
		Release|x86 = Release|x86
	EndGlobalSection
	GlobalSection(ProjectConfigurationPlatforms) = postSolution
		{3AA5E4C9-5811-4045-81EF-C6D72F5369AA}.Debug|Any CPU.ActiveCfg = Debug|Any CPU
		{3AA5E4C9-5811-4045-81EF-C6D72F5369AA}.Debug|Any CPU.Build.0 = Debug|Any CPU
		{3AA5E4C9-5811-4045-81EF-C6D72F5369AA}.Debug|x64.ActiveCfg = Debug|Any CPU
		{3AA5E4C9-5811-4045-81EF-C6D72F5369AA}.Debug|x64.Build.0 = Debug|Any CPU
		{3AA5E4C9-5811-4045-81EF-C6D72F5369AA}.Debug|x86.ActiveCfg = Debug|Any CPU
		{3AA5E4C9-5811-4045-81EF-C6D72F5369AA}.Debug|x86.Build.0 = Debug|Any CPU
		{3AA5E4C9-5811-4045-81EF-C6D72F5369AA}.Release|Any CPU.ActiveCfg = Release|Any CPU
		{3AA5E4C9-5811-4045-81EF-C6D72F5369AA}.Release|Any CPU.Build.0 = Release|Any CPU
		{3AA5E4C9-5811-4045-81EF-C6D72F5369AA}.Release|x64.ActiveCfg = Release|Any CPU
		{3AA5E4C9-5811-4045-81EF-C6D72F5369AA}.Release|x64.Build.0 = Release|Any CPU
		{3AA5E4C9-5811-4045-81EF-C6D72F5369AA}.Release|x86.ActiveCfg = Release|Any CPU
		{3AA5E4C9-5811-4045-81EF-C6D72F5369AA}.Release|x86.Build.0 = Release|Any CPU
		{8AE03A99-F6EA-41F2-B130-03218D055B55}.Debug|Any CPU.ActiveCfg = Debug|Any CPU
		{8AE03A99-F6EA-41F2-B130-03218D055B55}.Debug|Any CPU.Build.0 = Debug|Any CPU
		{8AE03A99-F6EA-41F2-B130-03218D055B55}.Debug|x64.ActiveCfg = Debug|Any CPU
		{8AE03A99-F6EA-41F2-B130-03218D055B55}.Debug|x64.Build.0 = Debug|Any CPU
		{8AE03A99-F6EA-41F2-B130-03218D055B55}.Debug|x86.ActiveCfg = Debug|Any CPU
		{8AE03A99-F6EA-41F2-B130-03218D055B55}.Debug|x86.Build.0 = Debug|Any CPU
		{8AE03A99-F6EA-41F2-B130-03218D055B55}.Release|Any CPU.ActiveCfg = Release|Any CPU
		{8AE03A99-F6EA-41F2-B130-03218D055B55}.Release|Any CPU.Build.0 = Release|Any CPU
		{8AE03A99-F6EA-41F2-B130-03218D055B55}.Release|x64.ActiveCfg = Release|Any CPU
		{8AE03A99-F6EA-41F2-B130-03218D055B55}.Release|x64.Build.0 = Release|Any CPU
		{8AE03A99-F6EA-41F2-B130-03218D055B55}.Release|x86.ActiveCfg = Release|Any CPU
		{8AE03A99-F6EA-41F2-B130-03218D055B55}.Release|x86.Build.0 = Release|Any CPU
		{9D15320F-F5F4-446E-A3E9-B0F8A526FBDC}.Debug|Any CPU.ActiveCfg = Debug|Any CPU
		{9D15320F-F5F4-446E-A3E9-B0F8A526FBDC}.Debug|Any CPU.Build.0 = Debug|Any CPU
		{9D15320F-F5F4-446E-A3E9-B0F8A526FBDC}.Debug|x64.ActiveCfg = Debug|Any CPU
		{9D15320F-F5F4-446E-A3E9-B0F8A526FBDC}.Debug|x64.Build.0 = Debug|Any CPU
		{9D15320F-F5F4-446E-A3E9-B0F8A526FBDC}.Debug|x86.ActiveCfg = Debug|Any CPU
		{9D15320F-F5F4-446E-A3E9-B0F8A526FBDC}.Debug|x86.Build.0 = Debug|Any CPU
		{9D15320F-F5F4-446E-A3E9-B0F8A526FBDC}.Release|Any CPU.ActiveCfg = Release|Any CPU
		{9D15320F-F5F4-446E-A3E9-B0F8A526FBDC}.Release|Any CPU.Build.0 = Release|Any CPU
		{9D15320F-F5F4-446E-A3E9-B0F8A526FBDC}.Release|x64.ActiveCfg = Release|Any CPU
		{9D15320F-F5F4-446E-A3E9-B0F8A526FBDC}.Release|x64.Build.0 = Release|Any CPU
		{9D15320F-F5F4-446E-A3E9-B0F8A526FBDC}.Release|x86.ActiveCfg = Release|Any CPU
		{9D15320F-F5F4-446E-A3E9-B0F8A526FBDC}.Release|x86.Build.0 = Release|Any CPU
		{AD8417F7-B512-4CE1-BFC2-E51A1646D393}.Debug|Any CPU.ActiveCfg = Debug|Any CPU
		{AD8417F7-B512-4CE1-BFC2-E51A1646D393}.Debug|Any CPU.Build.0 = Debug|Any CPU
		{AD8417F7-B512-4CE1-BFC2-E51A1646D393}.Debug|x64.ActiveCfg = Debug|Any CPU
		{AD8417F7-B512-4CE1-BFC2-E51A1646D393}.Debug|x64.Build.0 = Debug|Any CPU
		{AD8417F7-B512-4CE1-BFC2-E51A1646D393}.Debug|x86.ActiveCfg = Debug|Any CPU
		{AD8417F7-B512-4CE1-BFC2-E51A1646D393}.Debug|x86.Build.0 = Debug|Any CPU
		{AD8417F7-B512-4CE1-BFC2-E51A1646D393}.Release|Any CPU.ActiveCfg = Release|Any CPU
		{AD8417F7-B512-4CE1-BFC2-E51A1646D393}.Release|Any CPU.Build.0 = Release|Any CPU
		{AD8417F7-B512-4CE1-BFC2-E51A1646D393}.Release|x64.ActiveCfg = Release|Any CPU
		{AD8417F7-B512-4CE1-BFC2-E51A1646D393}.Release|x64.Build.0 = Release|Any CPU
		{AD8417F7-B512-4CE1-BFC2-E51A1646D393}.Release|x86.ActiveCfg = Release|Any CPU
		{AD8417F7-B512-4CE1-BFC2-E51A1646D393}.Release|x86.Build.0 = Release|Any CPU
	EndGlobalSection
	GlobalSection(SolutionProperties) = preSolution
		HideSolutionNode = FALSE
	EndGlobalSection
EndGlobal
